<?xml version="1.0" encoding="utf-8"?>
<Project ToolsVersion="4.0" xmlns="http://schemas.microsoft.com/developer/msbuild/2003">
  <ItemGroup>
    <Filter Include="Source Files">
      <UniqueIdentifier>{4FC737F1-C7A5-4376-A066-2A32D752A2FF}</UniqueIdentifier>
      <Extensions>cpp;c;cc;cxx;c++;cppm;ixx;def;odl;idl;hpj;bat;asm;asmx</Extensions>
    </Filter>
    <Filter Include="Header Files">
      <UniqueIdentifier>{93995380-89BD-4b04-88EB-625FBE52EBFB}</UniqueIdentifier>
      <Extensions>h;hh;hpp;hxx;h++;hm;inl;inc;ipp;xsd</Extensions>
    </Filter>
    <Filter Include="Resource Files">
      <UniqueIdentifier>{67DA6AB6-F800-4c08-8B7A-83BB121AAD01}</UniqueIdentifier>
      <Extensions>rc;ico;cur;bmp;dlg;rc2;rct;bin;rgs;gif;jpg;jpeg;jpe;resx;tiff;tif;png;wav;mfcribbon-ms</Extensions>
    </Filter>
    <Filter Include="Resource Files\fonts">
      <UniqueIdentifier>{f1048b2c-c065-4889-bf3b-cd399ec0b4df}</UniqueIdentifier>
    </Filter>
    <Filter Include="aubio">
      <UniqueIdentifier>{8a3ee346-0abb-4496-ae9d-68c5d05bb108}</UniqueIdentifier>
    </Filter>
    <Filter Include="imgui">
      <UniqueIdentifier>{04e828a7-576c-43c2-9b95-ce9371249247}</UniqueIdentifier>
    </Filter>
    <Filter Include="Source Files\engine">
      <UniqueIdentifier>{5113616f-f2bb-429e-bfe1-0ed7c1e7e10a}</UniqueIdentifier>
    </Filter>
    <Filter Include="Source Files\hud">
      <UniqueIdentifier>{ce334234-90ce-4eaa-a3f0-27ee4187bacc}</UniqueIdentifier>
    </Filter>
    <Filter Include="Source Files\objects">
      <UniqueIdentifier>{d9494e24-d65d-4784-be59-92b8acb1ab8e}</UniqueIdentifier>
    </Filter>
    <Filter Include="Header Files\engine">
      <UniqueIdentifier>{1ed50499-6694-4292-9c31-4144f2ac7993}</UniqueIdentifier>
    </Filter>
  </ItemGroup>
  <ItemGroup>
    <ClCompile Include="Game1.cpp">
      <Filter>Source Files</Filter>
    </ClCompile>
    <ClCompile Include="packagesmanual\aubio\src\cvec.c">
      <Filter>aubio</Filter>
    </ClCompile>
    <ClCompile Include="packagesmanual\aubio\src\fmat.c">
      <Filter>aubio</Filter>
    </ClCompile>
    <ClCompile Include="packagesmanual\aubio\src\fvec.c">
      <Filter>aubio</Filter>
    </ClCompile>
    <ClCompile Include="packagesmanual\aubio\src\lvec.c">
      <Filter>aubio</Filter>
    </ClCompile>
    <ClCompile Include="packagesmanual\aubio\src\mathutils.c">
      <Filter>aubio</Filter>
    </ClCompile>
    <ClCompile Include="packagesmanual\aubio\src\musicutils.c">
      <Filter>aubio</Filter>
    </ClCompile>
    <ClCompile Include="packagesmanual\aubio\src\vecutils.c">
      <Filter>aubio</Filter>
    </ClCompile>
    <ClCompile Include="packagesmanual\aubio\src\effects\pitchshift_dummy.c">
      <Filter>aubio</Filter>
    </ClCompile>
    <ClCompile Include="packagesmanual\aubio\src\effects\pitchshift_rubberband.c">
      <Filter>aubio</Filter>
    </ClCompile>
    <ClCompile Include="packagesmanual\aubio\src\effects\rubberband_utils.c">
      <Filter>aubio</Filter>
    </ClCompile>
    <ClCompile Include="packagesmanual\aubio\src\effects\timestretch_dummy.c">
      <Filter>aubio</Filter>
    </ClCompile>
    <ClCompile Include="packagesmanual\aubio\src\effects\timestretch_rubberband.c">
      <Filter>aubio</Filter>
    </ClCompile>
    <ClCompile Include="packagesmanual\aubio\src\io\audio_unit.c">
      <Filter>aubio</Filter>
    </ClCompile>
    <ClCompile Include="packagesmanual\aubio\src\io\ioutils.c">
      <Filter>aubio</Filter>
    </ClCompile>
    <ClCompile Include="packagesmanual\aubio\src\io\sink.c">
      <Filter>aubio</Filter>
    </ClCompile>
    <ClCompile Include="packagesmanual\aubio\src\io\sink_apple_audio.c">
      <Filter>aubio</Filter>
    </ClCompile>
    <ClCompile Include="packagesmanual\aubio\src\io\sink_flac.c">
      <Filter>aubio</Filter>
    </ClCompile>
    <ClCompile Include="packagesmanual\aubio\src\io\sink_sndfile.c">
      <Filter>aubio</Filter>
    </ClCompile>
    <ClCompile Include="packagesmanual\aubio\src\io\sink_vorbis.c">
      <Filter>aubio</Filter>
    </ClCompile>
    <ClCompile Include="packagesmanual\aubio\src\io\sink_wavwrite.c">
      <Filter>aubio</Filter>
    </ClCompile>
    <ClCompile Include="packagesmanual\aubio\src\io\source.c">
      <Filter>aubio</Filter>
    </ClCompile>
    <ClCompile Include="packagesmanual\aubio\src\io\source_apple_audio.c">
      <Filter>aubio</Filter>
    </ClCompile>
    <ClCompile Include="packagesmanual\aubio\src\io\source_avcodec.c">
      <Filter>aubio</Filter>
    </ClCompile>
    <ClCompile Include="packagesmanual\aubio\src\io\source_sndfile.c">
      <Filter>aubio</Filter>
    </ClCompile>
    <ClCompile Include="packagesmanual\aubio\src\io\source_wavread.c">
      <Filter>aubio</Filter>
    </ClCompile>
    <ClCompile Include="packagesmanual\aubio\src\io\utils_apple_audio.c">
      <Filter>aubio</Filter>
    </ClCompile>
    <ClCompile Include="packagesmanual\aubio\src\notes\notes.c">
      <Filter>aubio</Filter>
    </ClCompile>
    <ClCompile Include="packagesmanual\aubio\src\onset\onset.c">
      <Filter>aubio</Filter>
    </ClCompile>
    <ClCompile Include="packagesmanual\aubio\src\onset\peakpicker.c">
      <Filter>aubio</Filter>
    </ClCompile>
    <ClCompile Include="packagesmanual\aubio\src\pitch\pitch.c">
      <Filter>aubio</Filter>
    </ClCompile>
    <ClCompile Include="packagesmanual\aubio\src\pitch\pitchfcomb.c">
      <Filter>aubio</Filter>
    </ClCompile>
    <ClCompile Include="packagesmanual\aubio\src\pitch\pitchmcomb.c">
      <Filter>aubio</Filter>
    </ClCompile>
    <ClCompile Include="packagesmanual\aubio\src\pitch\pitchschmitt.c">
      <Filter>aubio</Filter>
    </ClCompile>
    <ClCompile Include="packagesmanual\aubio\src\pitch\pitchspecacf.c">
      <Filter>aubio</Filter>
    </ClCompile>
    <ClCompile Include="packagesmanual\aubio\src\pitch\pitchyin.c">
      <Filter>aubio</Filter>
    </ClCompile>
    <ClCompile Include="packagesmanual\aubio\src\pitch\pitchyinfast.c">
      <Filter>aubio</Filter>
    </ClCompile>
    <ClCompile Include="packagesmanual\aubio\src\pitch\pitchyinfft.c">
      <Filter>aubio</Filter>
    </ClCompile>
    <ClCompile Include="packagesmanual\aubio\src\spectral\awhitening.c">
      <Filter>aubio</Filter>
    </ClCompile>
    <ClCompile Include="packagesmanual\aubio\src\spectral\dct.c">
      <Filter>aubio</Filter>
    </ClCompile>
    <ClCompile Include="packagesmanual\aubio\src\spectral\dct_accelerate.c">
      <Filter>aubio</Filter>
    </ClCompile>
    <ClCompile Include="packagesmanual\aubio\src\spectral\dct_fftw.c">
      <Filter>aubio</Filter>
    </ClCompile>
    <ClCompile Include="packagesmanual\aubio\src\spectral\dct_ipp.c">
      <Filter>aubio</Filter>
    </ClCompile>
    <ClCompile Include="packagesmanual\aubio\src\spectral\dct_ooura.c">
      <Filter>aubio</Filter>
    </ClCompile>
    <ClCompile Include="packagesmanual\aubio\src\spectral\dct_plain.c">
      <Filter>aubio</Filter>
    </ClCompile>
    <ClCompile Include="packagesmanual\aubio\src\spectral\fft.c">
      <Filter>aubio</Filter>
    </ClCompile>
    <ClCompile Include="packagesmanual\aubio\src\spectral\filterbank.c">
      <Filter>aubio</Filter>
    </ClCompile>
    <ClCompile Include="packagesmanual\aubio\src\spectral\filterbank_mel.c">
      <Filter>aubio</Filter>
    </ClCompile>
    <ClCompile Include="packagesmanual\aubio\src\spectral\mfcc.c">
      <Filter>aubio</Filter>
    </ClCompile>
    <ClCompile Include="packagesmanual\aubio\src\spectral\ooura_fft8g.c">
      <Filter>aubio</Filter>
    </ClCompile>
    <ClCompile Include="packagesmanual\aubio\src\spectral\phasevoc.c">
      <Filter>aubio</Filter>
    </ClCompile>
    <ClCompile Include="packagesmanual\aubio\src\spectral\specdesc.c">
      <Filter>aubio</Filter>
    </ClCompile>
    <ClCompile Include="packagesmanual\aubio\src\spectral\statistics.c">
      <Filter>aubio</Filter>
    </ClCompile>
    <ClCompile Include="packagesmanual\aubio\src\spectral\tss.c">
      <Filter>aubio</Filter>
    </ClCompile>
    <ClCompile Include="packagesmanual\aubio\src\synth\sampler.c">
      <Filter>aubio</Filter>
    </ClCompile>
    <ClCompile Include="packagesmanual\aubio\src\synth\wavetable.c">
      <Filter>aubio</Filter>
    </ClCompile>
    <ClCompile Include="packagesmanual\aubio\src\tempo\beattracking.c">
      <Filter>aubio</Filter>
    </ClCompile>
    <ClCompile Include="packagesmanual\aubio\src\tempo\tempo.c">
      <Filter>aubio</Filter>
    </ClCompile>
    <ClCompile Include="packagesmanual\aubio\src\temporal\a_weighting.c">
      <Filter>aubio</Filter>
    </ClCompile>
    <ClCompile Include="packagesmanual\aubio\src\temporal\biquad.c">
      <Filter>aubio</Filter>
    </ClCompile>
    <ClCompile Include="packagesmanual\aubio\src\temporal\c_weighting.c">
      <Filter>aubio</Filter>
    </ClCompile>
    <ClCompile Include="packagesmanual\aubio\src\temporal\filter.c">
      <Filter>aubio</Filter>
    </ClCompile>
    <ClCompile Include="packagesmanual\aubio\src\temporal\resampler.c">
      <Filter>aubio</Filter>
    </ClCompile>
    <ClCompile Include="packagesmanual\aubio\src\utils\hist.c">
      <Filter>aubio</Filter>
    </ClCompile>
    <ClCompile Include="packagesmanual\aubio\src\utils\log.c">
      <Filter>aubio</Filter>
    </ClCompile>
    <ClCompile Include="packagesmanual\aubio\src\utils\parameter.c">
      <Filter>aubio</Filter>
    </ClCompile>
    <ClCompile Include="packagesmanual\aubio\src\utils\scale.c">
      <Filter>aubio</Filter>
    </ClCompile>
    <ClCompile Include="packagesmanual\aubio\src\utils\strutils.c">
      <Filter>aubio</Filter>
    </ClCompile>
    <ClCompile Include="packagesmanual\aubio\src\utils\windll.c">
      <Filter>aubio</Filter>
    </ClCompile>
    <ClCompile Include="packagesmanual\imgui\imgui.cpp">
      <Filter>imgui</Filter>
    </ClCompile>
    <ClCompile Include="packagesmanual\imgui\imgui_demo.cpp">
      <Filter>imgui</Filter>
    </ClCompile>
    <ClCompile Include="packagesmanual\imgui\imgui_draw.cpp">
      <Filter>imgui</Filter>
    </ClCompile>
    <ClCompile Include="packagesmanual\imgui\imgui_tables.cpp">
      <Filter>imgui</Filter>
    </ClCompile>
    <ClCompile Include="packagesmanual\imgui\imgui_widgets.cpp">
      <Filter>imgui</Filter>
    </ClCompile>
    <ClCompile Include="camera.cpp">
      <Filter>Source Files\engine</Filter>
    </ClCompile>
    <ClCompile Include="controls.cpp">
      <Filter>Source Files\engine</Filter>
    </ClCompile>
    <ClCompile Include="engine.cpp">
      <Filter>Source Files\engine</Filter>
    </ClCompile>
    <ClCompile Include="hud.cpp">
      <Filter>Source Files\hud</Filter>
    </ClCompile>
    <ClCompile Include="renderer.cpp">
      <Filter>Source Files\engine</Filter>
    </ClCompile>
    <ClCompile Include="shader.cpp">
      <Filter>Source Files\engine</Filter>
    </ClCompile>
    <ClCompile Include="soundlistener.cpp">
      <Filter>Source Files\objects</Filter>
    </ClCompile>
    <ClCompile Include="surfacedrawable.cpp">
      <Filter>Source Files\engine</Filter>
    </ClCompile>
    <ClCompile Include="system.cpp">
      <Filter>Source Files\engine</Filter>
    </ClCompile>
    <ClCompile Include="mapimage.cpp">
      <Filter>Source Files\objects</Filter>
    </ClCompile>
    <ClCompile Include="actor.cpp">
      <Filter>Source Files\objects</Filter>
    </ClCompile>
    <ClCompile Include="sprite.cpp">
      <Filter>Source Files\engine</Filter>
    </ClCompile>
  </ItemGroup>
  <ItemGroup>
    <None Include="packages.config" />
    <None Include="packagesmanual\aubio\src\wscript_build">
      <Filter>aubio</Filter>
    </None>
    <None Include="cpp.hint" />
    <None Include="Shader.dgsl">
      <Filter>Resource Files</Filter>
    </None>
  </ItemGroup>
  <ItemGroup>
    <Image Include="assets\player.bmp">
      <Filter>Resource Files</Filter>
    </Image>
  </ItemGroup>
  <ItemGroup>
    <ClInclude Include="packagesmanual\aubio\src\aubio.h">
      <Filter>aubio</Filter>
    </ClInclude>
    <ClInclude Include="packagesmanual\aubio\src\aubio_priv.h">
      <Filter>aubio</Filter>
    </ClInclude>
    <ClInclude Include="packagesmanual\aubio\src\cvec.h">
      <Filter>aubio</Filter>
    </ClInclude>
    <ClInclude Include="packagesmanual\aubio\src\fmat.h">
      <Filter>aubio</Filter>
    </ClInclude>
    <ClInclude Include="packagesmanual\aubio\src\fvec.h">
      <Filter>aubio</Filter>
    </ClInclude>
    <ClInclude Include="packagesmanual\aubio\src\lvec.h">
      <Filter>aubio</Filter>
    </ClInclude>
    <ClInclude Include="packagesmanual\aubio\src\mathutils.h">
      <Filter>aubio</Filter>
    </ClInclude>
    <ClInclude Include="packagesmanual\aubio\src\musicutils.h">
      <Filter>aubio</Filter>
    </ClInclude>
    <ClInclude Include="packagesmanual\aubio\src\types.h">
      <Filter>aubio</Filter>
    </ClInclude>
    <ClInclude Include="packagesmanual\aubio\src\vecutils.h">
      <Filter>aubio</Filter>
    </ClInclude>
    <ClInclude Include="packagesmanual\aubio\src\effects\pitchshift.h">
      <Filter>aubio</Filter>
    </ClInclude>
    <ClInclude Include="packagesmanual\aubio\src\effects\timestretch.h">
      <Filter>aubio</Filter>
    </ClInclude>
    <ClInclude Include="packagesmanual\aubio\src\io\audio_unit.h">
      <Filter>aubio</Filter>
    </ClInclude>
    <ClInclude Include="packagesmanual\aubio\src\io\ioutils.h">
      <Filter>aubio</Filter>
    </ClInclude>
    <ClInclude Include="packagesmanual\aubio\src\io\sink.h">
      <Filter>aubio</Filter>
    </ClInclude>
    <ClInclude Include="packagesmanual\aubio\src\io\sink_apple_audio.h">
      <Filter>aubio</Filter>
    </ClInclude>
    <ClInclude Include="packagesmanual\aubio\src\io\sink_sndfile.h">
      <Filter>aubio</Filter>
    </ClInclude>
    <ClInclude Include="packagesmanual\aubio\src\io\sink_wavwrite.h">
      <Filter>aubio</Filter>
    </ClInclude>
    <ClInclude Include="packagesmanual\aubio\src\io\source.h">
      <Filter>aubio</Filter>
    </ClInclude>
    <ClInclude Include="packagesmanual\aubio\src\io\source_apple_audio.h">
      <Filter>aubio</Filter>
    </ClInclude>
    <ClInclude Include="packagesmanual\aubio\src\io\source_avcodec.h">
      <Filter>aubio</Filter>
    </ClInclude>
    <ClInclude Include="packagesmanual\aubio\src\io\source_sndfile.h">
      <Filter>aubio</Filter>
    </ClInclude>
    <ClInclude Include="packagesmanual\aubio\src\io\source_wavread.h">
      <Filter>aubio</Filter>
    </ClInclude>
    <ClInclude Include="packagesmanual\aubio\src\notes\notes.h">
      <Filter>aubio</Filter>
    </ClInclude>
    <ClInclude Include="packagesmanual\aubio\src\onset\onset.h">
      <Filter>aubio</Filter>
    </ClInclude>
    <ClInclude Include="packagesmanual\aubio\src\onset\peakpicker.h">
      <Filter>aubio</Filter>
    </ClInclude>
    <ClInclude Include="packagesmanual\aubio\src\pitch\pitch.h">
      <Filter>aubio</Filter>
    </ClInclude>
    <ClInclude Include="packagesmanual\aubio\src\pitch\pitchfcomb.h">
      <Filter>aubio</Filter>
    </ClInclude>
    <ClInclude Include="packagesmanual\aubio\src\pitch\pitchmcomb.h">
      <Filter>aubio</Filter>
    </ClInclude>
    <ClInclude Include="packagesmanual\aubio\src\pitch\pitchschmitt.h">
      <Filter>aubio</Filter>
    </ClInclude>
    <ClInclude Include="packagesmanual\aubio\src\pitch\pitchspecacf.h">
      <Filter>aubio</Filter>
    </ClInclude>
    <ClInclude Include="packagesmanual\aubio\src\pitch\pitchyin.h">
      <Filter>aubio</Filter>
    </ClInclude>
    <ClInclude Include="packagesmanual\aubio\src\pitch\pitchyinfast.h">
      <Filter>aubio</Filter>
    </ClInclude>
    <ClInclude Include="packagesmanual\aubio\src\pitch\pitchyinfft.h">
      <Filter>aubio</Filter>
    </ClInclude>
    <ClInclude Include="packagesmanual\aubio\src\spectral\awhitening.h">
      <Filter>aubio</Filter>
    </ClInclude>
    <ClInclude Include="packagesmanual\aubio\src\spectral\dct.h">
      <Filter>aubio</Filter>
    </ClInclude>
    <ClInclude Include="packagesmanual\aubio\src\spectral\fft.h">
      <Filter>aubio</Filter>
    </ClInclude>
    <ClInclude Include="packagesmanual\aubio\src\spectral\filterbank.h">
      <Filter>aubio</Filter>
    </ClInclude>
    <ClInclude Include="packagesmanual\aubio\src\spectral\filterbank_mel.h">
      <Filter>aubio</Filter>
    </ClInclude>
    <ClInclude Include="packagesmanual\aubio\src\spectral\mfcc.h">
      <Filter>aubio</Filter>
    </ClInclude>
    <ClInclude Include="packagesmanual\aubio\src\spectral\phasevoc.h">
      <Filter>aubio</Filter>
    </ClInclude>
    <ClInclude Include="packagesmanual\aubio\src\spectral\specdesc.h">
      <Filter>aubio</Filter>
    </ClInclude>
    <ClInclude Include="packagesmanual\aubio\src\spectral\tss.h">
      <Filter>aubio</Filter>
    </ClInclude>
    <ClInclude Include="packagesmanual\aubio\src\synth\sampler.h">
      <Filter>aubio</Filter>
    </ClInclude>
    <ClInclude Include="packagesmanual\aubio\src\synth\wavetable.h">
      <Filter>aubio</Filter>
    </ClInclude>
    <ClInclude Include="packagesmanual\aubio\src\tempo\beattracking.h">
      <Filter>aubio</Filter>
    </ClInclude>
    <ClInclude Include="packagesmanual\aubio\src\tempo\tempo.h">
      <Filter>aubio</Filter>
    </ClInclude>
    <ClInclude Include="packagesmanual\aubio\src\temporal\a_weighting.h">
      <Filter>aubio</Filter>
    </ClInclude>
    <ClInclude Include="packagesmanual\aubio\src\temporal\biquad.h">
      <Filter>aubio</Filter>
    </ClInclude>
    <ClInclude Include="packagesmanual\aubio\src\temporal\c_weighting.h">
      <Filter>aubio</Filter>
    </ClInclude>
    <ClInclude Include="packagesmanual\aubio\src\temporal\filter.h">
      <Filter>aubio</Filter>
    </ClInclude>
    <ClInclude Include="packagesmanual\aubio\src\temporal\resampler.h">
      <Filter>aubio</Filter>
    </ClInclude>
    <ClInclude Include="packagesmanual\aubio\src\utils\hist.h">
      <Filter>aubio</Filter>
    </ClInclude>
    <ClInclude Include="packagesmanual\aubio\src\utils\log.h">
      <Filter>aubio</Filter>
    </ClInclude>
    <ClInclude Include="packagesmanual\aubio\src\utils\parameter.h">
      <Filter>aubio</Filter>
    </ClInclude>
    <ClInclude Include="packagesmanual\aubio\src\utils\scale.h">
      <Filter>aubio</Filter>
    </ClInclude>
    <ClInclude Include="packagesmanual\imgui\imconfig.h">
      <Filter>imgui</Filter>
    </ClInclude>
    <ClInclude Include="packagesmanual\imgui\imgui.h">
      <Filter>imgui</Filter>
    </ClInclude>
    <ClInclude Include="packagesmanual\imgui\imgui_internal.h">
      <Filter>imgui</Filter>
    </ClInclude>
    <ClInclude Include="packagesmanual\imgui\imstb_rectpack.h">
      <Filter>imgui</Filter>
    </ClInclude>
    <ClInclude Include="packagesmanual\imgui\imstb_textedit.h">
      <Filter>imgui</Filter>
    </ClInclude>
    <ClInclude Include="packagesmanual\imgui\imstb_truetype.h">
      <Filter>imgui</Filter>
    </ClInclude>
    <ClInclude Include="camera.h">
      <Filter>Source Files\engine</Filter>
    </ClInclude>
    <ClInclude Include="controls.h">
      <Filter>Source Files\engine</Filter>
    </ClInclude>
    <ClInclude Include="engine.h">
      <Filter>Source Files\engine</Filter>
    </ClInclude>
    <ClInclude Include="renderer.h">
      <Filter>Source Files\engine</Filter>
    </ClInclude>
    <ClInclude Include="sprite.h">
      <Filter>Source Files\engine</Filter>
    </ClInclude>
    <ClInclude Include="surfacedrawable.h">
      <Filter>Source Files\engine</Filter>
    </ClInclude>
    <ClInclude Include="system.h">
      <Filter>Source Files\engine</Filter>
    </ClInclude>
    <ClInclude Include="shader.h">
      <Filter>Source Files\engine</Filter>
    </ClInclude>
    <ClInclude Include="hud.h">
      <Filter>Source Files\hud</Filter>
    </ClInclude>
    <ClInclude Include="Game1.h">
      <Filter>Header Files</Filter>
    </ClInclude>
    <ClInclude Include="actor.h">
      <Filter>Source Files\objects</Filter>
    </ClInclude>
    <ClInclude Include="mapimage.h">
      <Filter>Source Files\objects</Filter>
    </ClInclude>
    <ClInclude Include="soundlistener.h">
      <Filter>Source Files\objects</Filter>
    </ClInclude>
  </ItemGroup>
</Project>