
Microsoft Visual Studio Solution File, Format Version 12.00
# Visual Studio Version 17
VisualStudioVersion = 17.11.35431.28
MinimumVisualStudioVersion = 10.0.40219.1
Project("{8BC9CEB8-8B4A-11D0-8D11-00A0C91BC942}") = "Game1", "Game1.vcxproj", "{85985D0C-AB57-497A-B6AD-8624323DE9B7}"
EndProject
Global
	GlobalSection(SolutionConfigurationPlatforms) = preSolution
		Debug|x64 = Debug|x64
		Debug|x86 = Debug|x86
		Release|x64 = Release|x64
		Release|x86 = Release|x86
	EndGlobalSection
	GlobalSection(ProjectConfigurationPlatforms) = postSolution
		{85985D0C-AB57-497A-B6AD-8624323DE9B7}.Debug|x64.ActiveCfg = Debug|x64
		{85985D0C-AB57-497A-B6AD-8624323DE9B7}.Debug|x64.Build.0 = Debug|x64
		{85985D0C-AB57-497A-B6AD-8624323DE9B7}.Debug|x86.ActiveCfg = Debug|Win32
		{85985D0C-AB57-497A-B6AD-8624323DE9B7}.Debug|x86.Build.0 = Debug|Win32
		{85985D0C-AB57-497A-B6AD-8624323DE9B7}.Release|x64.ActiveCfg = Release|x64
		{85985D0C-AB57-497A-B6AD-8624323DE9B7}.Release|x64.Build.0 = Release|x64
		{85985D0C-AB57-497A-B6AD-8624323DE9B7}.Release|x86.ActiveCfg = Release|Win32
		{85985D0C-AB57-497A-B6AD-8624323DE9B7}.Release|x86.Build.0 = Release|Win32
	EndGlobalSection
	GlobalSection(SolutionProperties) = preSolution
		HideSolutionNode = FALSE
	EndGlobalSection
	GlobalSection(ExtensibilityGlobals) = postSolution
		SolutionGuid = {85EBBE7F-38F2-413B-BED6-10BAA4DB0808}
	EndGlobalSection
EndGlobal
